<?xml version="1.0" encoding="utf-8"?>
<Project ToolsVersion="4.0" xmlns="http://schemas.microsoft.com/developer/msbuild/2003">
  <ItemGroup>
    <Filter Include="Source Files">
      <UniqueIdentifier>{4FC737F1-C7A5-4376-A066-2A32D752A2FF}</UniqueIdentifier>
      <Extensions>cpp;c;cc;cxx;c++;cppm;ixx;def;odl;idl;hpj;bat;asm;asmx</Extensions>
    </Filter>
    <Filter Include="Header Files">
      <UniqueIdentifier>{93995380-89BD-4b04-88EB-625FBE52EBFB}</UniqueIdentifier>
      <Extensions>h;hh;hpp;hxx;h++;hm;inl;inc;ipp;xsd</Extensions>
    </Filter>
    <Filter Include="Resource Files">
      <UniqueIdentifier>{67DA6AB6-F800-4c08-8B7A-83BB121AAD01}</UniqueIdentifier>
      <Extensions>rc;ico;cur;bmp;dlg;rc2;rct;bin;rgs;gif;jpg;jpeg;jpe;resx;tiff;tif;png;wav;mfcribbon-ms</Extensions>
    </Filter>
    <Filter Include="Source Files\Engine Code">
      <UniqueIdentifier>{b5e70ff1-480f-4a2a-9e48-b47ae0ef52f8}</UniqueIdentifier>
    </Filter>
    <Filter Include="Source Files\Engine Code\Core Files">
      <UniqueIdentifier>{e281a2b2-0b8e-45d7-8f1a-da49f41ab154}</UniqueIdentifier>
    </Filter>
    <Filter Include="Source Files\Game Code">
      <UniqueIdentifier>{bf26bac0-2770-4ba3-a82e-47dfee402125}</UniqueIdentifier>
    </Filter>
    <Filter Include="Source Files\Engine Code\Asset Managers">
      <UniqueIdentifier>{a45ba797-c505-4449-b8ba-2e9a1f927bb4}</UniqueIdentifier>
    </Filter>
    <Filter Include="Source Files\Game Code\Files Required by Engine">
      <UniqueIdentifier>{798ced98-09a1-4b3d-bb75-6288a3728d1f}</UniqueIdentifier>
    </Filter>
    <Filter Include="Source Files\Engine Code\Main Systems">
      <UniqueIdentifier>{3b3de11b-8a13-4db0-bd9e-8979bf2145ac}</UniqueIdentifier>
    </Filter>
    <Filter Include="Source Files\Engine Code\Main Systems\GameObject System">
      <UniqueIdentifier>{5e5cc37e-d380-42db-a989-db78da0ab04d}</UniqueIdentifier>
    </Filter>
    <Filter Include="Source Files\Engine Code\Main Systems\Scene System">
      <UniqueIdentifier>{e909c860-a761-4e00-8d5f-be79e0202fc2}</UniqueIdentifier>
    </Filter>
    <Filter Include="Source Files\Engine Code\Main Systems\Camera System">
      <UniqueIdentifier>{da86135f-46d2-4b80-91b3-a4fdb9e21f51}</UniqueIdentifier>
    </Filter>
    <Filter Include="Source Files\Engine Code\Main Systems\GameObject System\Collision System">
      <UniqueIdentifier>{8feb0065-cbef-4c0b-8680-d111757a1cba}</UniqueIdentifier>
    </Filter>
    <Filter Include="Source Files\Engine Code\Main Systems\GameObject System\Update System">
      <UniqueIdentifier>{df19126b-72ff-4c0f-9cbc-1e4597f4cb56}</UniqueIdentifier>
    </Filter>
    <Filter Include="Source Files\Engine Code\Main Systems\GameObject System\Draw System">
      <UniqueIdentifier>{2939ad04-43d2-4e14-aab2-929757b7bd6c}</UniqueIdentifier>
    </Filter>
    <Filter Include="Source Files\Engine Code\Main Systems\GameObject System\Input System">
      <UniqueIdentifier>{ab7070f7-057c-45bc-a64d-d669a0f558d0}</UniqueIdentifier>
    </Filter>
    <Filter Include="Source Files\Engine Code\Main Systems\GameObject System\Alarm System">
      <UniqueIdentifier>{d6f39594-5459-4ab7-a3bf-38bc7f5d62ff}</UniqueIdentifier>
    </Filter>
    <Filter Include="Source Files\Engine Code\Debug Systems">
      <UniqueIdentifier>{6c4b4b4e-bbdf-4061-93d5-2c02bedf5c62}</UniqueIdentifier>
    </Filter>
    <Filter Include="Source Files\Engine Code\Debug Systems\Visualizer System">
      <UniqueIdentifier>{8e7dda7f-43a8-4a2b-a445-b57105f625fc}</UniqueIdentifier>
    </Filter>
    <Filter Include="Source Files\Engine Code\Misc. files">
      <UniqueIdentifier>{002f2070-2642-4b78-a7b1-5eccdca6db3d}</UniqueIdentifier>
    </Filter>
    <Filter Include="Source Files\Engine Code\MemTracker">
      <UniqueIdentifier>{5082bb2f-30d6-4520-adb7-c6f646ded0bd}</UniqueIdentifier>
    </Filter>
    <Filter Include="Source Files\Engine Code\Main Systems\GameObject System\Input System\Commands">
      <UniqueIdentifier>{7db14dac-9df0-4de6-9710-01f0cf1bb346}</UniqueIdentifier>
    </Filter>
    <Filter Include="Source Files\Engine Code\Main Systems\GameObject System\Input System\Input Listeners">
      <UniqueIdentifier>{aaa22e16-000e-4c09-a2eb-6676d02b0ec5}</UniqueIdentifier>
    </Filter>
    <Filter Include="Source Files\Game Code\Misc. files">
      <UniqueIdentifier>{b3a20d19-11e6-4fe9-add8-410e43f0151c}</UniqueIdentifier>
    </Filter>
    <Filter Include="Source Files\Game Code\Misc. files\Engine Testing">
      <UniqueIdentifier>{9f51742c-c55e-4f4a-8121-81cd6e09086e}</UniqueIdentifier>
    </Filter>
    <Filter Include="Source Files\Game Code\Misc. files\Extra Documentation">
      <UniqueIdentifier>{5c031f14-77f7-42dd-99df-5344014c8227}</UniqueIdentifier>
    </Filter>
    <Filter Include="Source Files\Game Code\Player">
      <UniqueIdentifier>{03005a24-48dc-482f-bf47-4221183d0c1f}</UniqueIdentifier>
    </Filter>
    <Filter Include="Source Files\Game Code\Player\FSM + States">
      <UniqueIdentifier>{a91cb912-3c4a-4854-be59-441def18561c}</UniqueIdentifier>
    </Filter>
    <Filter Include="Source Files\Game Code\Scenes">
      <UniqueIdentifier>{5e9b3079-2e05-4406-b849-155b97e9c9f8}</UniqueIdentifier>
    </Filter>
    <Filter Include="Source Files\Game Code\Level Data">
      <UniqueIdentifier>{1eb88e99-537a-41b8-b56a-d933290b1e45}</UniqueIdentifier>
    </Filter>
    <Filter Include="Source Files\Game Code\Level Data\LeveTile dervied classes">
      <UniqueIdentifier>{52280e2c-ba7a-40e8-838d-256cc8d2b504}</UniqueIdentifier>
    </Filter>
    <Filter Include="Source Files\Engine Code\Debug Systems\Visualizer System\Commands">
      <UniqueIdentifier>{048b4331-6afa-4e42-aee7-c2fa0db848f4}</UniqueIdentifier>
    </Filter>
    <Filter Include="Source Files\Engine Code\Debug Systems\Visualizer System\Command Recycling">
      <UniqueIdentifier>{30a8b4b1-237d-4a5f-8bf6-1d6c6ce43d52}</UniqueIdentifier>
    </Filter>
    <Filter Include="Source Files\Engine Code\Asset Managers\Font Manager">
      <UniqueIdentifier>{e6525ae9-845f-40a8-8983-4bf36f7072c4}</UniqueIdentifier>
    </Filter>
    <Filter Include="Source Files\Engine Code\Asset Managers\Grid Manager">
      <UniqueIdentifier>{9f71b241-f18f-4cab-b051-a7b7e3ce3c80}</UniqueIdentifier>
    </Filter>
    <Filter Include="Source Files\Engine Code\Asset Managers\Sprite Manager">
      <UniqueIdentifier>{e917a951-3980-4f00-9c79-c128e9159c2a}</UniqueIdentifier>
    </Filter>
    <Filter Include="Source Files\Engine Code\Asset Managers\Texture Manager">
      <UniqueIdentifier>{3763d391-f152-47af-bfc8-35d41d4d81dc}</UniqueIdentifier>
    </Filter>
    <Filter Include="Source Files\Engine Code\Main Systems\Scene System\Scene Management">
      <UniqueIdentifier>{a5ade6b3-e40b-43fd-b0de-62685db80ab3}</UniqueIdentifier>
    </Filter>
    <Filter Include="Source Files\Engine Code\Main Systems\Scene System\Scenes">
      <UniqueIdentifier>{d097332a-c047-408f-b7b4-e29381258dc2}</UniqueIdentifier>
    </Filter>
    <Filter Include="Source Files\Engine Code\Tools and Conveniences">
      <UniqueIdentifier>{954d1eef-d3bf-4d20-b589-1d27c9b4107d}</UniqueIdentifier>
    </Filter>
    <Filter Include="Source Files\Engine Code\Design Patterns">
      <UniqueIdentifier>{5967d6c2-08fc-48b9-a93e-9e63afe35c71}</UniqueIdentifier>
    </Filter>
    <Filter Include="Source Files\Engine Code\Design Patterns\Command">
      <UniqueIdentifier>{9bfe10f3-a2f3-4f83-a518-e5879a0c7c84}</UniqueIdentifier>
    </Filter>
    <Filter Include="Source Files\Engine Code\Design Patterns\Observer">
      <UniqueIdentifier>{1624e9be-4314-4237-b015-2ced0b6325df}</UniqueIdentifier>
    </Filter>
    <Filter Include="Source Files\Engine Code\Main Systems\Time Management System">
      <UniqueIdentifier>{b22f1041-5d46-4510-b007-430b7931fc90}</UniqueIdentifier>
    </Filter>
    <Filter Include="Source Files\Engine Code\Main Systems\Animation System">
      <UniqueIdentifier>{5308157a-26bd-4529-811c-175a9e9a846e}</UniqueIdentifier>
    </Filter>
    <Filter Include="Source Files\Game Code\Actors">
      <UniqueIdentifier>{2e03c227-788a-4f50-a465-c762a2138c41}</UniqueIdentifier>
    </Filter>
  </ItemGroup>
  <ItemGroup>
    <ClCompile Include="Engine Code\JumpSlashEngine.cpp">
      <Filter>Source Files\Engine Code\Core Files</Filter>
    </ClCompile>
    <ClCompile Include="Engine Code\main.cpp">
      <Filter>Source Files\Engine Code\Core Files</Filter>
    </ClCompile>
    <ClCompile Include="Game Code\GameInitialize.cpp">
      <Filter>Source Files\Game Code\Files Required by Engine</Filter>
    </ClCompile>
    <ClCompile Include="Game Code\LoadResources.cpp">
      <Filter>Source Files\Game Code\Files Required by Engine</Filter>
    </ClCompile>
    <ClCompile Include="Engine Code\DrawManager.cpp">
      <Filter>Source Files\Engine Code\Main Systems\GameObject System\Draw System</Filter>
    </ClCompile>
    <ClCompile Include="Engine Code\DrawObject.cpp">
      <Filter>Source Files\Engine Code\Main Systems\GameObject System\Draw System</Filter>
    </ClCompile>
    <ClCompile Include="Engine Code\DrawRegistrationCommand.cpp">
      <Filter>Source Files\Engine Code\Main Systems\GameObject System\Draw System</Filter>
    </ClCompile>
    <ClCompile Include="Engine Code\DrawObjectAttorney.cpp">
      <Filter>Source Files\Engine Code\Main Systems\GameObject System\Draw System</Filter>
    </ClCompile>
    <ClCompile Include="Engine Code\DrawDeregistrationCommand.cpp">
      <Filter>Source Files\Engine Code\Main Systems\GameObject System\Draw System</Filter>
    </ClCompile>
    <ClCompile Include="Engine Code\UpdateManager.cpp">
      <Filter>Source Files\Engine Code\Main Systems\GameObject System\Update System</Filter>
    </ClCompile>
    <ClCompile Include="Engine Code\UpdateObject.cpp">
      <Filter>Source Files\Engine Code\Main Systems\GameObject System\Update System</Filter>
    </ClCompile>
    <ClCompile Include="Engine Code\UpdateRegistrationCommand.cpp">
      <Filter>Source Files\Engine Code\Main Systems\GameObject System\Update System</Filter>
    </ClCompile>
    <ClCompile Include="Engine Code\UpdateObjectAttorney.cpp">
      <Filter>Source Files\Engine Code\Main Systems\GameObject System\Update System</Filter>
    </ClCompile>
    <ClCompile Include="Engine Code\UpdateDeregistrationCommand.cpp">
      <Filter>Source Files\Engine Code\Main Systems\GameObject System\Update System</Filter>
    </ClCompile>
    <ClCompile Include="Engine Code\InputObject.cpp">
      <Filter>Source Files\Engine Code\Main Systems\GameObject System\Input System</Filter>
    </ClCompile>
    <ClCompile Include="Engine Code\InputManager.cpp">
      <Filter>Source Files\Engine Code\Main Systems\GameObject System\Input System</Filter>
    </ClCompile>
    <ClCompile Include="Engine Code\InputObjectAttorney.cpp">
      <Filter>Source Files\Engine Code\Main Systems\GameObject System\Input System</Filter>
    </ClCompile>
    <ClCompile Include="Engine Code\KeyDeregistrationCommand.cpp">
      <Filter>Source Files\Engine Code\Main Systems\GameObject System\Input System\Commands</Filter>
    </ClCompile>
    <ClCompile Include="Engine Code\KeyRegistrationCommand.cpp">
      <Filter>Source Files\Engine Code\Main Systems\GameObject System\Input System\Commands</Filter>
    </ClCompile>
    <ClCompile Include="Engine Code\MouseBtnDeregistrationCommand.cpp">
      <Filter>Source Files\Engine Code\Main Systems\GameObject System\Input System\Commands</Filter>
    </ClCompile>
    <ClCompile Include="Engine Code\MouseBtnRegistrationCommand.cpp">
      <Filter>Source Files\Engine Code\Main Systems\GameObject System\Input System\Commands</Filter>
    </ClCompile>
    <ClCompile Include="Engine Code\KeyListener.cpp">
      <Filter>Source Files\Engine Code\Main Systems\GameObject System\Input System\Input Listeners</Filter>
    </ClCompile>
    <ClCompile Include="Engine Code\MouseBtnListener.cpp">
      <Filter>Source Files\Engine Code\Main Systems\GameObject System\Input System\Input Listeners</Filter>
    </ClCompile>
    <ClCompile Include="Game Code\TestScene.cpp">
      <Filter>Source Files\Game Code\Misc. files\Engine Testing</Filter>
    </ClCompile>
    <ClCompile Include="Game Code\TestClass.cpp">
      <Filter>Source Files\Game Code\Misc. files\Engine Testing</Filter>
    </ClCompile>
    <ClCompile Include="Engine Code\MouseCursorListener.cpp">
      <Filter>Source Files\Engine Code\Main Systems\GameObject System\Input System\Input Listeners</Filter>
    </ClCompile>
    <ClCompile Include="Engine Code\MouseCursorRegistrationCommand.cpp">
      <Filter>Source Files\Engine Code\Main Systems\GameObject System\Input System\Commands</Filter>
    </ClCompile>
    <ClCompile Include="Engine Code\MouseCursorDeregistrationCommand.cpp">
      <Filter>Source Files\Engine Code\Main Systems\GameObject System\Input System\Commands</Filter>
    </ClCompile>
    <ClCompile Include="Game Code\PlayerStateIdle.cpp">
      <Filter>Source Files\Game Code\Player\FSM + States</Filter>
    </ClCompile>
    <ClCompile Include="Game Code\PlayerStateWalking.cpp">
      <Filter>Source Files\Game Code\Player\FSM + States</Filter>
    </ClCompile>
    <ClCompile Include="Game Code\PlayerStateJumping.cpp">
      <Filter>Source Files\Game Code\Player\FSM + States</Filter>
    </ClCompile>
    <ClCompile Include="Game Code\PlayerStateFalling.cpp">
      <Filter>Source Files\Game Code\Player\FSM + States</Filter>
    </ClCompile>
    <ClCompile Include="Game Code\Player.cpp">
      <Filter>Source Files\Game Code\Player</Filter>
    </ClCompile>
    <ClCompile Include="Game Code\Level0.cpp">
      <Filter>Source Files\Game Code\Scenes</Filter>
    </ClCompile>
    <ClCompile Include="Game Code\PlayerFSM.cpp">
      <Filter>Source Files\Game Code\Player\FSM + States</Filter>
    </ClCompile>
    <ClCompile Include="Game Code\PlayerAttorney.cpp">
      <Filter>Source Files\Game Code\Player</Filter>
    </ClCompile>
    <ClCompile Include="Game Code\LevelMap.cpp">
      <Filter>Source Files\Game Code\Level Data</Filter>
    </ClCompile>
    <ClCompile Include="Game Code\LevelTile.cpp">
      <Filter>Source Files\Game Code\Level Data</Filter>
    </ClCompile>
    <ClCompile Include="Game Code\BlockBreakable.cpp">
      <Filter>Source Files\Game Code\Level Data\LeveTile dervied classes</Filter>
    </ClCompile>
    <ClCompile Include="Game Code\BlockHazard.cpp">
      <Filter>Source Files\Game Code\Level Data\LeveTile dervied classes</Filter>
    </ClCompile>
    <ClCompile Include="Game Code\BlockSolid.cpp">
      <Filter>Source Files\Game Code\Level Data\LeveTile dervied classes</Filter>
    </ClCompile>
    <ClCompile Include="Game Code\PlatformSemisolid.cpp">
      <Filter>Source Files\Game Code\Level Data\LeveTile dervied classes</Filter>
    </ClCompile>
    <ClCompile Include="Game Code\PlayerMoveState.cpp">
      <Filter>Source Files\Game Code\Player</Filter>
    </ClCompile>
    <ClCompile Include="Engine Code\EngineAttorney.cpp">
      <Filter>Source Files\Engine Code\Core Files</Filter>
    </ClCompile>
    <ClCompile Include="Engine Code\Visualizer.cpp">
      <Filter>Source Files\Engine Code\Debug Systems\Visualizer System</Filter>
    </ClCompile>
    <ClCompile Include="Engine Code\VisualizerCommandCircle.cpp">
      <Filter>Source Files\Engine Code\Debug Systems\Visualizer System\Commands</Filter>
    </ClCompile>
    <ClCompile Include="Engine Code\VisualizerCommand.cpp">
      <Filter>Source Files\Engine Code\Debug Systems\Visualizer System</Filter>
    </ClCompile>
    <ClCompile Include="Engine Code\VisualizerAttorney.cpp">
      <Filter>Source Files\Engine Code\Debug Systems\Visualizer System</Filter>
    </ClCompile>
    <ClCompile Include="Engine Code\VizCmdFactory.cpp">
      <Filter>Source Files\Engine Code\Debug Systems\Visualizer System\Command Recycling</Filter>
    </ClCompile>
    <ClCompile Include="Engine Code\VizCmdCirclePool.cpp">
      <Filter>Source Files\Engine Code\Debug Systems\Visualizer System\Command Recycling</Filter>
    </ClCompile>
    <ClCompile Include="Engine Code\VisualizerCommandPoint.cpp">
      <Filter>Source Files\Engine Code\Debug Systems\Visualizer System\Commands</Filter>
    </ClCompile>
    <ClCompile Include="Engine Code\VisualizerCommandRect.cpp">
      <Filter>Source Files\Engine Code\Debug Systems\Visualizer System\Commands</Filter>
    </ClCompile>
    <ClCompile Include="Engine Code\VizCmdPointPool.cpp">
      <Filter>Source Files\Engine Code\Debug Systems\Visualizer System\Command Recycling</Filter>
    </ClCompile>
    <ClCompile Include="Engine Code\VizCmdRectPool.cpp">
      <Filter>Source Files\Engine Code\Debug Systems\Visualizer System\Command Recycling</Filter>
    </ClCompile>
    <ClCompile Include="Engine Code\VizCmdSegPool.cpp">
      <Filter>Source Files\Engine Code\Debug Systems\Visualizer System\Commands</Filter>
    </ClCompile>
    <ClCompile Include="Engine Code\VisualizerCommandSegment.cpp">
      <Filter>Source Files\Engine Code\Debug Systems\Visualizer System\Commands</Filter>
    </ClCompile>
    <ClCompile Include="Engine Code\VizCmdFactoryAttorney.cpp">
      <Filter>Source Files\Engine Code\Debug Systems\Visualizer System\Command Recycling</Filter>
    </ClCompile>
    <ClCompile Include="Engine Code\VisualizerCommandText.cpp">
      <Filter>Source Files\Engine Code\Debug Systems\Visualizer System\Commands</Filter>
    </ClCompile>
    <ClCompile Include="Engine Code\VizCmdTextPool.cpp">
      <Filter>Source Files\Engine Code\Debug Systems\Visualizer System\Command Recycling</Filter>
    </ClCompile>
    <ClCompile Include="Engine Code\FontManager.cpp">
      <Filter>Source Files\Engine Code\Asset Managers\Font Manager</Filter>
    </ClCompile>
    <ClCompile Include="Engine Code\FontManagerAttorney.cpp">
      <Filter>Source Files\Engine Code\Asset Managers\Font Manager</Filter>
    </ClCompile>
    <ClCompile Include="Engine Code\GridManager.cpp">
      <Filter>Source Files\Engine Code\Asset Managers\Grid Manager</Filter>
    </ClCompile>
    <ClCompile Include="Engine Code\GridManagerAttorney.cpp">
      <Filter>Source Files\Engine Code\Asset Managers\Grid Manager</Filter>
    </ClCompile>
    <ClCompile Include="Engine Code\SpriteManager.cpp">
      <Filter>Source Files\Engine Code\Asset Managers\Sprite Manager</Filter>
    </ClCompile>
    <ClCompile Include="Engine Code\SpriteManagerAttorney.cpp">
      <Filter>Source Files\Engine Code\Asset Managers\Sprite Manager</Filter>
    </ClCompile>
    <ClCompile Include="Engine Code\TextureManager.cpp">
      <Filter>Source Files\Engine Code\Asset Managers\Texture Manager</Filter>
    </ClCompile>
    <ClCompile Include="Engine Code\TextureManagerAttorney.cpp">
      <Filter>Source Files\Engine Code\Asset Managers\Texture Manager</Filter>
    </ClCompile>
    <ClCompile Include="Engine Code\RegistrationBroker.cpp">
      <Filter>Source Files\Engine Code\Main Systems\Scene System\Scenes</Filter>
    </ClCompile>
    <ClCompile Include="Engine Code\Scene.cpp">
      <Filter>Source Files\Engine Code\Main Systems\Scene System\Scenes</Filter>
    </ClCompile>
    <ClCompile Include="Engine Code\SceneAttorney.cpp">
      <Filter>Source Files\Engine Code\Main Systems\Scene System\Scenes</Filter>
    </ClCompile>
    <ClCompile Include="Engine Code\SceneManager.cpp">
      <Filter>Source Files\Engine Code\Main Systems\Scene System\Scene Management</Filter>
    </ClCompile>
    <ClCompile Include="Engine Code\SceneCommand.cpp">
      <Filter>Source Files\Engine Code\Main Systems\Scene System\Scene Management</Filter>
    </ClCompile>
    <ClCompile Include="Engine Code\SceneChangeCommand.cpp">
      <Filter>Source Files\Engine Code\Main Systems\Scene System\Scene Management</Filter>
    </ClCompile>
    <ClCompile Include="Engine Code\SceneChangeNullCommand.cpp">
      <Filter>Source Files\Engine Code\Main Systems\Scene System\Scene Management</Filter>
    </ClCompile>
    <ClCompile Include="Engine Code\SceneManagerAttorney.cpp">
      <Filter>Source Files\Engine Code\Main Systems\Scene System\Scene Management</Filter>
    </ClCompile>
    <ClCompile Include="Engine Code\CameraManager.cpp">
      <Filter>Source Files\Engine Code\Main Systems\Camera System</Filter>
    </ClCompile>
    <ClCompile Include="Engine Code\Camera.cpp">
      <Filter>Source Files\Engine Code\Main Systems\Camera System</Filter>
    </ClCompile>
    <ClCompile Include="Engine Code\CameraAttorney.cpp">
      <Filter>Source Files\Engine Code\Main Systems\Camera System</Filter>
    </ClCompile>
    <ClCompile Include="Engine Code\Math.cpp">
      <Filter>Source Files\Engine Code\Tools and Conveniences</Filter>
    </ClCompile>
    <ClCompile Include="Game Code\RoomData.cpp">
      <Filter>Source Files\Game Code\Level Data</Filter>
    </ClCompile>
    <ClCompile Include="Engine Code\Subject.cpp">
      <Filter>Source Files\Engine Code\Design Patterns\Observer</Filter>
    </ClCompile>
    <ClCompile Include="Engine Code\AlarmDeregistrationCommand.cpp">
      <Filter>Source Files\Engine Code\Main Systems\GameObject System\Alarm System</Filter>
    </ClCompile>
    <ClCompile Include="Engine Code\AlarmManager.cpp">
      <Filter>Source Files\Engine Code\Main Systems\GameObject System\Alarm System</Filter>
    </ClCompile>
    <ClCompile Include="Engine Code\AlarmObject.cpp">
      <Filter>Source Files\Engine Code\Main Systems\GameObject System\Alarm System</Filter>
    </ClCompile>
    <ClCompile Include="Engine Code\AlarmObjectAttorney.cpp">
      <Filter>Source Files\Engine Code\Main Systems\GameObject System\Alarm System</Filter>
    </ClCompile>
    <ClCompile Include="Engine Code\AlarmRegistrationCommand.cpp">
      <Filter>Source Files\Engine Code\Main Systems\GameObject System\Alarm System</Filter>
    </ClCompile>
    <ClCompile Include="Engine Code\TimeManager.cpp">
      <Filter>Source Files\Engine Code\Main Systems\Time Management System</Filter>
    </ClCompile>
    <ClCompile Include="Engine Code\TimeManagerAttorney.cpp">
      <Filter>Source Files\Engine Code\Main Systems\Time Management System</Filter>
    </ClCompile>
    <ClCompile Include="Engine Code\Animation.cpp">
      <Filter>Source Files\Engine Code\Main Systems\Animation System</Filter>
    </ClCompile>
    <ClCompile Include="Engine Code\AnimationComponent.cpp">
      <Filter>Source Files\Engine Code\Main Systems\Animation System</Filter>
    </ClCompile>
    <ClCompile Include="Engine Code\AnimationSet.cpp">
      <Filter>Source Files\Engine Code\Main Systems\Animation System</Filter>
    </ClCompile>
    <ClCompile Include="Engine Code\ConvenienceFunctions.cpp">
      <Filter>Source Files\Engine Code\Tools and Conveniences</Filter>
    </ClCompile>
    <ClCompile Include="Game Code\AssetLoader.cpp">
      <Filter>Source Files\Game Code\Misc. files</Filter>
    </ClCompile>
  </ItemGroup>
  <ItemGroup>
    <ClInclude Include="Engine Code\JumpSlashEngine.h">
      <Filter>Source Files\Engine Code\Core Files</Filter>
    </ClInclude>
    <ClInclude Include="Game Code\Constants.h">
      <Filter>Source Files\Game Code</Filter>
    </ClInclude>
    <ClInclude Include="Engine Code\RegistrationState.h">
      <Filter>Source Files\Engine Code\Main Systems\GameObject System</Filter>
    </ClInclude>
    <ClInclude Include="Engine Code\DrawManager.h">
      <Filter>Source Files\Engine Code\Main Systems\GameObject System\Draw System</Filter>
    </ClInclude>
    <ClInclude Include="Engine Code\DrawObject.h">
      <Filter>Source Files\Engine Code\Main Systems\GameObject System\Draw System</Filter>
    </ClInclude>
    <ClInclude Include="Game Code\DesignerControls.h">
      <Filter>Source Files\Game Code</Filter>
    </ClInclude>
    <ClInclude Include="Engine Code\DrawRegistrationCommand.h">
      <Filter>Source Files\Engine Code\Main Systems\GameObject System\Draw System</Filter>
    </ClInclude>
    <ClInclude Include="Engine Code\DrawObjectAttorney.h">
      <Filter>Source Files\Engine Code\Main Systems\GameObject System\Draw System</Filter>
    </ClInclude>
    <ClInclude Include="Engine Code\DrawDeregistrationCommand.h">
      <Filter>Source Files\Engine Code\Main Systems\GameObject System\Draw System</Filter>
    </ClInclude>
    <ClInclude Include="Engine Code\MemTracker\Framework.h">
      <Filter>Source Files\Engine Code\MemTracker</Filter>
    </ClInclude>
    <ClInclude Include="Engine Code\MemTracker\ProjectSettings.h">
      <Filter>Source Files\Engine Code\MemTracker</Filter>
    </ClInclude>
    <ClInclude Include="Engine Code\UpdateManager.h">
      <Filter>Source Files\Engine Code\Main Systems\GameObject System\Update System</Filter>
    </ClInclude>
    <ClInclude Include="Engine Code\UpdateObject.h">
      <Filter>Source Files\Engine Code\Main Systems\GameObject System\Update System</Filter>
    </ClInclude>
    <ClInclude Include="Engine Code\UpdateRegistrationCommand.h">
      <Filter>Source Files\Engine Code\Main Systems\GameObject System\Update System</Filter>
    </ClInclude>
    <ClInclude Include="Engine Code\UpdateObjectAttorney.h">
      <Filter>Source Files\Engine Code\Main Systems\GameObject System\Update System</Filter>
    </ClInclude>
    <ClInclude Include="Engine Code\UpdateDeregistrationCommand.h">
      <Filter>Source Files\Engine Code\Main Systems\GameObject System\Update System</Filter>
    </ClInclude>
    <ClInclude Include="Engine Code\InputObject.h">
      <Filter>Source Files\Engine Code\Main Systems\GameObject System\Input System</Filter>
    </ClInclude>
    <ClInclude Include="Engine Code\InputEvent.h">
      <Filter>Source Files\Engine Code\Misc. files</Filter>
    </ClInclude>
    <ClInclude Include="Engine Code\InputManager.h">
      <Filter>Source Files\Engine Code\Main Systems\GameObject System\Input System</Filter>
    </ClInclude>
    <ClInclude Include="Engine Code\InputObjectAttorney.h">
      <Filter>Source Files\Engine Code\Main Systems\GameObject System\Input System</Filter>
    </ClInclude>
    <ClInclude Include="Engine Code\KeyDeregistrationCommand.h">
      <Filter>Source Files\Engine Code\Main Systems\GameObject System\Input System\Commands</Filter>
    </ClInclude>
    <ClInclude Include="Engine Code\KeyRegistrationCommand.h">
      <Filter>Source Files\Engine Code\Main Systems\GameObject System\Input System\Commands</Filter>
    </ClInclude>
    <ClInclude Include="Engine Code\MouseBtnDeregistrationCommand.h">
      <Filter>Source Files\Engine Code\Main Systems\GameObject System\Input System\Commands</Filter>
    </ClInclude>
    <ClInclude Include="Engine Code\MouseBtnRegistrationCommand.h">
      <Filter>Source Files\Engine Code\Main Systems\GameObject System\Input System\Commands</Filter>
    </ClInclude>
    <ClInclude Include="Engine Code\KeyListener.h">
      <Filter>Source Files\Engine Code\Main Systems\GameObject System\Input System\Input Listeners</Filter>
    </ClInclude>
    <ClInclude Include="Engine Code\MouseBtnListener.h">
      <Filter>Source Files\Engine Code\Main Systems\GameObject System\Input System\Input Listeners</Filter>
    </ClInclude>
    <ClInclude Include="Game Code\TestScene.h">
      <Filter>Source Files\Game Code\Misc. files\Engine Testing</Filter>
    </ClInclude>
    <ClInclude Include="Game Code\TestClass.h">
      <Filter>Source Files\Game Code\Misc. files\Engine Testing</Filter>
    </ClInclude>
    <ClInclude Include="Engine Code\MouseCursorListener.h">
      <Filter>Source Files\Engine Code\Main Systems\GameObject System\Input System\Input Listeners</Filter>
    </ClInclude>
    <ClInclude Include="Engine Code\MouseCursorRegistrationCommand.h">
      <Filter>Source Files\Engine Code\Main Systems\GameObject System\Input System\Commands</Filter>
    </ClInclude>
    <ClInclude Include="Engine Code\MouseCursorDeregistrationCommand.h">
      <Filter>Source Files\Engine Code\Main Systems\GameObject System\Input System\Commands</Filter>
    </ClInclude>
    <ClInclude Include="Engine Code\CollisionObject.h">
      <Filter>Source Files\Engine Code\Main Systems\GameObject System\Collision System</Filter>
    </ClInclude>
    <ClInclude Include="Engine Code\CollisionManager.h">
      <Filter>Source Files\Engine Code\Main Systems\GameObject System\Collision System</Filter>
    </ClInclude>
    <ClInclude Include="Game Code\Player.h">
      <Filter>Source Files\Game Code\Player</Filter>
    </ClInclude>
    <ClInclude Include="Game Code\PlayerMoveState.h">
      <Filter>Source Files\Game Code\Player</Filter>
    </ClInclude>
    <ClInclude Include="Game Code\PlayerStateIdle.h">
      <Filter>Source Files\Game Code\Player\FSM + States</Filter>
    </ClInclude>
    <ClInclude Include="Game Code\PlayerFSM.h">
      <Filter>Source Files\Game Code\Player\FSM + States</Filter>
    </ClInclude>
    <ClInclude Include="Game Code\PlayerStateWalking.h">
      <Filter>Source Files\Game Code\Player\FSM + States</Filter>
    </ClInclude>
    <ClInclude Include="Game Code\PlayerStateJumping.h">
      <Filter>Source Files\Game Code\Player\FSM + States</Filter>
    </ClInclude>
    <ClInclude Include="Game Code\PlayerStateFalling.h">
      <Filter>Source Files\Game Code\Player\FSM + States</Filter>
    </ClInclude>
    <ClInclude Include="Game Code\Level0.h">
      <Filter>Source Files\Game Code\Scenes</Filter>
    </ClInclude>
    <ClInclude Include="Game Code\PlayerAttorney.h">
      <Filter>Source Files\Game Code\Player</Filter>
    </ClInclude>
    <ClInclude Include="Game Code\LevelMap.h">
      <Filter>Source Files\Game Code\Level Data</Filter>
    </ClInclude>
    <ClInclude Include="Game Code\LevelTile.h">
      <Filter>Source Files\Game Code\Level Data</Filter>
    </ClInclude>
    <ClInclude Include="Game Code\BlockBreakable.h">
      <Filter>Source Files\Game Code\Level Data\LeveTile dervied classes</Filter>
    </ClInclude>
    <ClInclude Include="Game Code\BlockHazard.h">
      <Filter>Source Files\Game Code\Level Data\LeveTile dervied classes</Filter>
    </ClInclude>
    <ClInclude Include="Game Code\PlatformSemisolid.h">
      <Filter>Source Files\Game Code\Level Data\LeveTile dervied classes</Filter>
    </ClInclude>
    <ClInclude Include="Game Code\BlockSolid.h">
      <Filter>Source Files\Game Code\Level Data\LeveTile dervied classes</Filter>
    </ClInclude>
    <ClInclude Include="Engine Code\EngineAttorney.h">
      <Filter>Source Files\Engine Code\Core Files</Filter>
    </ClInclude>
    <ClInclude Include="Engine Code\Visualizer.h">
      <Filter>Source Files\Engine Code\Debug Systems\Visualizer System</Filter>
    </ClInclude>
    <ClInclude Include="Engine Code\VisualizerCommandCircle.h">
      <Filter>Source Files\Engine Code\Debug Systems\Visualizer System\Commands</Filter>
    </ClInclude>
    <ClInclude Include="Engine Code\VisualizerCommand.h">
      <Filter>Source Files\Engine Code\Debug Systems\Visualizer System</Filter>
    </ClInclude>
    <ClInclude Include="Engine Code\VisualizerAttorney.h">
      <Filter>Source Files\Engine Code\Debug Systems\Visualizer System</Filter>
    </ClInclude>
    <ClInclude Include="Engine Code\VizCmdFactory.h">
      <Filter>Source Files\Engine Code\Debug Systems\Visualizer System\Command Recycling</Filter>
    </ClInclude>
    <ClInclude Include="Engine Code\VizCmdCirclePool.h">
      <Filter>Source Files\Engine Code\Debug Systems\Visualizer System\Command Recycling</Filter>
    </ClInclude>
    <ClInclude Include="Engine Code\VizCmdRectPool.h">
      <Filter>Source Files\Engine Code\Debug Systems\Visualizer System\Command Recycling</Filter>
    </ClInclude>
    <ClInclude Include="Engine Code\VizCmdPointPool.h">
      <Filter>Source Files\Engine Code\Debug Systems\Visualizer System\Command Recycling</Filter>
    </ClInclude>
    <ClInclude Include="Engine Code\VisualizerCommandRect.h">
      <Filter>Source Files\Engine Code\Debug Systems\Visualizer System\Commands</Filter>
    </ClInclude>
    <ClInclude Include="Engine Code\VisualizerCommandPoint.h">
      <Filter>Source Files\Engine Code\Debug Systems\Visualizer System\Commands</Filter>
    </ClInclude>
    <ClInclude Include="Engine Code\VisualizerCommandSegment.h">
      <Filter>Source Files\Engine Code\Debug Systems\Visualizer System\Commands</Filter>
    </ClInclude>
    <ClInclude Include="Engine Code\VizCmdSegPool.h">
      <Filter>Source Files\Engine Code\Debug Systems\Visualizer System\Command Recycling</Filter>
    </ClInclude>
    <ClInclude Include="Engine Code\VizCmdFactoryAttorney.h">
      <Filter>Source Files\Engine Code\Debug Systems\Visualizer System\Command Recycling</Filter>
    </ClInclude>
    <ClInclude Include="Game Code\DebugFlags.h">
      <Filter>Source Files\Game Code</Filter>
    </ClInclude>
    <ClInclude Include="Engine Code\VisualizerCommandText.h">
      <Filter>Source Files\Engine Code\Debug Systems\Visualizer System\Commands</Filter>
    </ClInclude>
    <ClInclude Include="Engine Code\VizCmdTextPool.h">
      <Filter>Source Files\Engine Code\Debug Systems\Visualizer System\Command Recycling</Filter>
    </ClInclude>
    <ClInclude Include="Engine Code\FontManagerAttorney.h">
      <Filter>Source Files\Engine Code\Asset Managers\Font Manager</Filter>
    </ClInclude>
    <ClInclude Include="Engine Code\FontManager.h">
      <Filter>Source Files\Engine Code\Asset Managers\Font Manager</Filter>
    </ClInclude>
    <ClInclude Include="Engine Code\GridManagerAttorney.h">
      <Filter>Source Files\Engine Code\Asset Managers\Grid Manager</Filter>
    </ClInclude>
    <ClInclude Include="Engine Code\GridManager.h">
      <Filter>Source Files\Engine Code\Asset Managers\Grid Manager</Filter>
    </ClInclude>
    <ClInclude Include="Engine Code\SpriteManagerAttorney.h">
      <Filter>Source Files\Engine Code\Asset Managers\Sprite Manager</Filter>
    </ClInclude>
    <ClInclude Include="Engine Code\SpriteManager.h">
      <Filter>Source Files\Engine Code\Asset Managers\Sprite Manager</Filter>
    </ClInclude>
    <ClInclude Include="Engine Code\TextureManager.h">
      <Filter>Source Files\Engine Code\Asset Managers\Texture Manager</Filter>
    </ClInclude>
    <ClInclude Include="Engine Code\TextureManagerAttorney.h">
      <Filter>Source Files\Engine Code\Asset Managers\Texture Manager</Filter>
    </ClInclude>
    <ClInclude Include="Engine Code\Scene.h">
      <Filter>Source Files\Engine Code\Main Systems\Scene System\Scenes</Filter>
    </ClInclude>
    <ClInclude Include="Engine Code\RegistrationBroker.h">
      <Filter>Source Files\Engine Code\Main Systems\Scene System\Scenes</Filter>
    </ClInclude>
    <ClInclude Include="Engine Code\SceneAttorney.h">
      <Filter>Source Files\Engine Code\Main Systems\Scene System\Scenes</Filter>
    </ClInclude>
    <ClInclude Include="Engine Code\SceneManager.h">
      <Filter>Source Files\Engine Code\Main Systems\Scene System\Scene Management</Filter>
    </ClInclude>
    <ClInclude Include="Engine Code\SceneCommand.h">
      <Filter>Source Files\Engine Code\Main Systems\Scene System\Scene Management</Filter>
    </ClInclude>
    <ClInclude Include="Engine Code\SceneChangeCommand.h">
      <Filter>Source Files\Engine Code\Main Systems\Scene System\Scene Management</Filter>
    </ClInclude>
    <ClInclude Include="Engine Code\SceneManagerAttorney.h">
      <Filter>Source Files\Engine Code\Main Systems\Scene System\Scene Management</Filter>
    </ClInclude>
    <ClInclude Include="Engine Code\SceneChangeNullCommand.h">
      <Filter>Source Files\Engine Code\Main Systems\Scene System\Scene Management</Filter>
    </ClInclude>
    <ClInclude Include="Engine Code\CameraManager.h">
      <Filter>Source Files\Engine Code\Main Systems\Camera System</Filter>
    </ClInclude>
    <ClInclude Include="Engine Code\Camera.h">
      <Filter>Source Files\Engine Code\Main Systems\Camera System</Filter>
    </ClInclude>
    <ClInclude Include="Engine Code\CameraAttorney.h">
      <Filter>Source Files\Engine Code\Main Systems\Camera System</Filter>
    </ClInclude>
    <ClInclude Include="Engine Code\Math.h">
      <Filter>Source Files\Engine Code\Tools and Conveniences</Filter>
    </ClInclude>
    <ClInclude Include="Game Code\RoomData.h">
      <Filter>Source Files\Game Code\Level Data</Filter>
    </ClInclude>
    <ClInclude Include="Engine Code\Command.h">
      <Filter>Source Files\Engine Code\Design Patterns\Command</Filter>
    </ClInclude>
    <ClInclude Include="Engine Code\Observer.h">
      <Filter>Source Files\Engine Code\Design Patterns\Observer</Filter>
    </ClInclude>
    <ClInclude Include="Engine Code\Subject.h">
      <Filter>Source Files\Engine Code\Design Patterns\Observer</Filter>
    </ClInclude>
    <ClInclude Include="Engine Code\ObserverEvent.h">
      <Filter>Source Files\Engine Code\Design Patterns\Observer</Filter>
    </ClInclude>
    <ClInclude Include="Engine Code\AlarmDeregistrationCommand.h">
      <Filter>Source Files\Engine Code\Main Systems\GameObject System\Alarm System</Filter>
    </ClInclude>
    <ClInclude Include="Engine Code\AlarmManager.h">
      <Filter>Source Files\Engine Code\Main Systems\GameObject System\Alarm System</Filter>
    </ClInclude>
    <ClInclude Include="Engine Code\AlarmObject.h">
      <Filter>Source Files\Engine Code\Main Systems\GameObject System\Alarm System</Filter>
    </ClInclude>
    <ClInclude Include="Engine Code\AlarmObjectAttorney.h">
      <Filter>Source Files\Engine Code\Main Systems\GameObject System\Alarm System</Filter>
    </ClInclude>
    <ClInclude Include="Engine Code\AlarmRegistrationCommand.h">
      <Filter>Source Files\Engine Code\Main Systems\GameObject System\Alarm System</Filter>
    </ClInclude>
    <ClInclude Include="Engine Code\AlarmID.h">
      <Filter>Source Files\Engine Code\Misc. files</Filter>
    </ClInclude>
    <ClInclude Include="Engine Code\TimeManagerAttorney.h">
      <Filter>Source Files\Engine Code\Main Systems\Time Management System</Filter>
    </ClInclude>
    <ClInclude Include="Engine Code\TimeManager.h">
      <Filter>Source Files\Engine Code\Main Systems\Time Management System</Filter>
    </ClInclude>
    <ClInclude Include="Engine Code\Animation.h">
      <Filter>Source Files\Engine Code\Main Systems\Animation System</Filter>
    </ClInclude>
    <ClInclude Include="Engine Code\AnimationSet.h">
      <Filter>Source Files\Engine Code\Main Systems\Animation System</Filter>
    </ClInclude>
    <ClInclude Include="Engine Code\AnimationComponent.h">
      <Filter>Source Files\Engine Code\Main Systems\Animation System</Filter>
    </ClInclude>
    <ClInclude Include="Game Code\Actor.h">
      <Filter>Source Files\Game Code\Actors</Filter>
    </ClInclude>
    <ClInclude Include="Engine Code\ConvenienceFunctions.h">
      <Filter>Source Files\Engine Code\Tools and Conveniences</Filter>
    </ClInclude>
    <ClInclude Include="Engine Code\AnimationManager.h">
      <Filter>Source Files\Engine Code\Asset Managers</Filter>
    </ClInclude>
    <ClInclude Include="Game Code\AssetLoader.h">
      <Filter>Source Files\Game Code\Misc. files</Filter>
    </ClInclude>
  </ItemGroup>
  <ItemGroup>
    <Text Include="Game Code\0_DocsHome.txt">
      <Filter>Source Files\Game Code\Misc. files\Extra Documentation</Filter>
    </Text>
    <Text Include="Game Code\1_EngineBasics.txt">
      <Filter>Source Files\Game Code\Misc. files\Extra Documentation</Filter>
    </Text>
    <Text Include="Game Code\4_CreatingGameObject.txt">
      <Filter>Source Files\Game Code\Misc. files\Extra Documentation</Filter>
    </Text>
    <Text Include="Game Code\2_UsingAssetManagers.txt">
      <Filter>Source Files\Game Code\Misc. files\Extra Documentation</Filter>
    </Text>
    <Text Include="Game Code\3_CreatingScene.txt">
      <Filter>Source Files\Game Code\Misc. files\Extra Documentation</Filter>
    </Text>
    <Text Include="Game Code\HelpfulReferenceResources.txt">
      <Filter>Source Files\Game Code\Misc. files\Extra Documentation</Filter>
    </Text>
  </ItemGroup>
</Project>